// !$*UTF8*$!
{
	archiveVersion = 1;
	classes = {
	};
	objectVersion = 46;
	objects = {

/* Begin PBXBuildFile section */
		A5B3412B132E3866009021FE /* HMItemGroup.h in Headers */ = {isa = PBXBuildFile; fileRef = A5B34129132E3866009021FE /* HMItemGroup.h */; };
		A5B3412C132E3866009021FE /* HMItemGroup.m in Sources */ = {isa = PBXBuildFile; fileRef = A5B3412A132E3866009021FE /* HMItemGroup.m */; };
		A5C2705D133A2DB500AF1267 /* HMLabelItem.h in Headers */ = {isa = PBXBuildFile; fileRef = A5C2705B133A2DB000AF1267 /* HMLabelItem.h */; };
		A5C2705E133A2DB500AF1267 /* HMLabelItem.m in Sources */ = {isa = PBXBuildFile; fileRef = A5C2705C133A2DB100AF1267 /* HMLabelItem.m */; };
		A5C27062133A3A3600AF1267 /* HMColor.h in Headers */ = {isa = PBXBuildFile; fileRef = A5C27060133A3A3100AF1267 /* HMColor.h */; };
		A5C27063133A3A3600AF1267 /* HMColor.m in Sources */ = {isa = PBXBuildFile; fileRef = A5C27061133A3A3200AF1267 /* HMColor.m */; };
		A5D25F391330EE1B00340936 /* HMTableCellItem.h in Headers */ = {isa = PBXBuildFile; fileRef = A5D25F371330EE1B00340936 /* HMTableCellItem.h */; };
		A5D25F3A1330EE1B00340936 /* HMTableCellItem.m in Sources */ = {isa = PBXBuildFile; fileRef = A5D25F381330EE1B00340936 /* HMTableCellItem.m */; };
		A5FA27531339056700DD428A /* HMTableSectionItemGroup.h in Headers */ = {isa = PBXBuildFile; fileRef = A5FA27511339056700DD428A /* HMTableSectionItemGroup.h */; };
		A5FA27541339056700DD428A /* HMTableSectionItemGroup.m in Sources */ = {isa = PBXBuildFile; fileRef = A5FA27521339056700DD428A /* HMTableSectionItemGroup.m */; };
		C20CDB7F133375CE008A4FE3 /* Dependencies.h in Headers */ = {isa = PBXBuildFile; fileRef = C20CDB7E133375CE008A4FE3 /* Dependencies.h */; };
		C20CDB941333863B008A4FE3 /* HMEditItem.h in Headers */ = {isa = PBXBuildFile; fileRef = C20CDB9213338636008A4FE3 /* HMEditItem.h */; };
		C23B5E5A1333BD8800CFC9AF /* HMNamedItemGroup.h in Headers */ = {isa = PBXBuildFile; fileRef = C23B5E581333BD8800CFC9AF /* HMNamedItemGroup.h */; };
		C23B5E5B1333BD8800CFC9AF /* HMNamedItemGroup.m in Sources */ = {isa = PBXBuildFile; fileRef = C23B5E591333BD8800CFC9AF /* HMNamedItemGroup.m */; };
		C23F3D30132E332E003155EE /* HMItem.h in Headers */ = {isa = PBXBuildFile; fileRef = C23F3D2E132E332E003155EE /* HMItem.h */; };
		C23F3D31132E332E003155EE /* HMItem.m in Sources */ = {isa = PBXBuildFile; fileRef = C23F3D2F132E332E003155EE /* HMItem.m */; };
		C23F3D34132E3384003155EE /* commons_mobile.h in Headers */ = {isa = PBXBuildFile; fileRef = C23F3D33132E3384003155EE /* commons_mobile.h */; };
		C23F3D3B132E3411003155EE /* HMButtonItem.h in Headers */ = {isa = PBXBuildFile; fileRef = C23F3D39132E3411003155EE /* HMButtonItem.h */; };
		C23F3D3C132E3411003155EE /* HMButtonItem.m in Sources */ = {isa = PBXBuildFile; fileRef = C23F3D3A132E3411003155EE /* HMButtonItem.m */; };
		C281BC2213380B0B0055E771 /* HMHttpUtil.h in Headers */ = {isa = PBXBuildFile; fileRef = C281BC2013380B0B0055E771 /* HMHttpUtil.h */; };
		C281BC2313380B0B0055E771 /* HMHttpUtil.m in Sources */ = {isa = PBXBuildFile; fileRef = C281BC2113380B0B0055E771 /* HMHttpUtil.m */; };
		C295F928132E265A00BC1B93 /* Foundation.framework in Frameworks */ = {isa = PBXBuildFile; fileRef = C295F927132E265A00BC1B93 /* Foundation.framework */; };
		C29E100B13339F3800E9F77A /* HMStringTableCellItem.h in Headers */ = {isa = PBXBuildFile; fileRef = C29E100913339F3800E9F77A /* HMStringTableCellItem.h */; };
		C29E100C13339F3800E9F77A /* HMStringTableCellItem.m in Sources */ = {isa = PBXBuildFile; fileRef = C29E100A13339F3800E9F77A /* HMStringTableCellItem.m */; };
		C2C4983E1342548000541D4C /* HMNullUtil.h in Headers */ = {isa = PBXBuildFile; fileRef = C2C4983C1342547F00541D4C /* HMNullUtil.h */; };
		C2C4983F1342548000541D4C /* HMNullUtil.m in Sources */ = {isa = PBXBuildFile; fileRef = C2C4983D1342547F00541D4C /* HMNullUtil.m */; };
		C2C49843134349B200541D4C /* HMEnumerableUtil.h in Headers */ = {isa = PBXBuildFile; fileRef = C2C49841134349B100541D4C /* HMEnumerableUtil.h */; };
		C2C49844134349B200541D4C /* HMEnumerableUtil.m in Sources */ = {isa = PBXBuildFile; fileRef = C2C49842134349B100541D4C /* HMEnumerableUtil.m */; };
		C2FCCA14132E30580060A586 /* commons_mobile-Prefix.pch in Headers */ = {isa = PBXBuildFile; fileRef = C2FCCA13132E30580060A586 /* commons_mobile-Prefix.pch */; };
/* End PBXBuildFile section */

/* Begin PBXFileReference section */
		A5B34129132E3866009021FE /* HMItemGroup.h */ = {isa = PBXFileReference; fileEncoding = 4; lastKnownFileType = sourcecode.c.h; name = HMItemGroup.h; path = classes/HMItemGroup.h; sourceTree = "<group>"; };
		A5B3412A132E3866009021FE /* HMItemGroup.m */ = {isa = PBXFileReference; fileEncoding = 4; lastKnownFileType = sourcecode.c.objc; name = HMItemGroup.m; path = classes/HMItemGroup.m; sourceTree = "<group>"; };
		A5C2705B133A2DB000AF1267 /* HMLabelItem.h */ = {isa = PBXFileReference; fileEncoding = 4; lastKnownFileType = sourcecode.c.h; name = HMLabelItem.h; path = classes/HMLabelItem.h; sourceTree = "<group>"; };
		A5C2705C133A2DB100AF1267 /* HMLabelItem.m */ = {isa = PBXFileReference; fileEncoding = 4; lastKnownFileType = sourcecode.c.objc; name = HMLabelItem.m; path = classes/HMLabelItem.m; sourceTree = "<group>"; };
		A5C27060133A3A3100AF1267 /* HMColor.h */ = {isa = PBXFileReference; fileEncoding = 4; lastKnownFileType = sourcecode.c.h; name = HMColor.h; path = classes/HMColor.h; sourceTree = "<group>"; };
		A5C27061133A3A3200AF1267 /* HMColor.m */ = {isa = PBXFileReference; fileEncoding = 4; lastKnownFileType = sourcecode.c.objc; name = HMColor.m; path = classes/HMColor.m; sourceTree = "<group>"; };
		A5D25F371330EE1B00340936 /* HMTableCellItem.h */ = {isa = PBXFileReference; fileEncoding = 4; lastKnownFileType = sourcecode.c.h; name = HMTableCellItem.h; path = classes/HMTableCellItem.h; sourceTree = "<group>"; };
		A5D25F381330EE1B00340936 /* HMTableCellItem.m */ = {isa = PBXFileReference; fileEncoding = 4; lastKnownFileType = sourcecode.c.objc; name = HMTableCellItem.m; path = classes/HMTableCellItem.m; sourceTree = "<group>"; };
		A5FA27511339056700DD428A /* HMTableSectionItemGroup.h */ = {isa = PBXFileReference; fileEncoding = 4; lastKnownFileType = sourcecode.c.h; name = HMTableSectionItemGroup.h; path = classes/HMTableSectionItemGroup.h; sourceTree = "<group>"; };
		A5FA27521339056700DD428A /* HMTableSectionItemGroup.m */ = {isa = PBXFileReference; fileEncoding = 4; lastKnownFileType = sourcecode.c.objc; name = HMTableSectionItemGroup.m; path = classes/HMTableSectionItemGroup.m; sourceTree = "<group>"; };
		C20CDB7E133375CE008A4FE3 /* Dependencies.h */ = {isa = PBXFileReference; fileEncoding = 4; lastKnownFileType = sourcecode.c.h; name = Dependencies.h; path = classes/Dependencies.h; sourceTree = "<group>"; };
		C20CDB9213338636008A4FE3 /* HMEditItem.h */ = {isa = PBXFileReference; fileEncoding = 4; lastKnownFileType = sourcecode.c.h; name = HMEditItem.h; path = classes/HMEditItem.h; sourceTree = "<group>"; };
		C23B5E581333BD8800CFC9AF /* HMNamedItemGroup.h */ = {isa = PBXFileReference; fileEncoding = 4; lastKnownFileType = sourcecode.c.h; name = HMNamedItemGroup.h; path = classes/HMNamedItemGroup.h; sourceTree = "<group>"; };
		C23B5E591333BD8800CFC9AF /* HMNamedItemGroup.m */ = {isa = PBXFileReference; fileEncoding = 4; lastKnownFileType = sourcecode.c.objc; name = HMNamedItemGroup.m; path = classes/HMNamedItemGroup.m; sourceTree = "<group>"; };
		C23F3D2E132E332E003155EE /* HMItem.h */ = {isa = PBXFileReference; fileEncoding = 4; lastKnownFileType = sourcecode.c.h; name = HMItem.h; path = classes/HMItem.h; sourceTree = "<group>"; };
		C23F3D2F132E332E003155EE /* HMItem.m */ = {isa = PBXFileReference; fileEncoding = 4; lastKnownFileType = sourcecode.c.objc; name = HMItem.m; path = classes/HMItem.m; sourceTree = "<group>"; };
		C23F3D33132E3384003155EE /* commons_mobile.h */ = {isa = PBXFileReference; fileEncoding = 4; lastKnownFileType = sourcecode.c.h; name = commons_mobile.h; path = headers/commons_mobile.h; sourceTree = "<group>"; };
		C23F3D39132E3411003155EE /* HMButtonItem.h */ = {isa = PBXFileReference; fileEncoding = 4; lastKnownFileType = sourcecode.c.h; name = HMButtonItem.h; path = classes/HMButtonItem.h; sourceTree = "<group>"; };
		C23F3D3A132E3411003155EE /* HMButtonItem.m */ = {isa = PBXFileReference; fileEncoding = 4; lastKnownFileType = sourcecode.c.objc; name = HMButtonItem.m; path = classes/HMButtonItem.m; sourceTree = "<group>"; };
		C281BC2013380B0B0055E771 /* HMHttpUtil.h */ = {isa = PBXFileReference; fileEncoding = 4; lastKnownFileType = sourcecode.c.h; name = HMHttpUtil.h; path = classes/HMHttpUtil.h; sourceTree = "<group>"; };
		C281BC2113380B0B0055E771 /* HMHttpUtil.m */ = {isa = PBXFileReference; fileEncoding = 4; lastKnownFileType = sourcecode.c.objc; name = HMHttpUtil.m; path = classes/HMHttpUtil.m; sourceTree = "<group>"; };
		C295F924132E265A00BC1B93 /* libcommons_mobile.a */ = {isa = PBXFileReference; explicitFileType = archive.ar; includeInIndex = 0; path = libcommons_mobile.a; sourceTree = BUILT_PRODUCTS_DIR; };
		C295F927132E265A00BC1B93 /* Foundation.framework */ = {isa = PBXFileReference; lastKnownFileType = wrapper.framework; name = Foundation.framework; path = System/Library/Frameworks/Foundation.framework; sourceTree = SDKROOT; };
		C29E100913339F3800E9F77A /* HMStringTableCellItem.h */ = {isa = PBXFileReference; fileEncoding = 4; lastKnownFileType = sourcecode.c.h; name = HMStringTableCellItem.h; path = classes/HMStringTableCellItem.h; sourceTree = "<group>"; };
		C29E100A13339F3800E9F77A /* HMStringTableCellItem.m */ = {isa = PBXFileReference; fileEncoding = 4; lastKnownFileType = sourcecode.c.objc; name = HMStringTableCellItem.m; path = classes/HMStringTableCellItem.m; sourceTree = "<group>"; };
		C2C4983C1342547F00541D4C /* HMNullUtil.h */ = {isa = PBXFileReference; fileEncoding = 4; lastKnownFileType = sourcecode.c.h; name = HMNullUtil.h; path = classes/HMNullUtil.h; sourceTree = "<group>"; };
		C2C4983D1342547F00541D4C /* HMNullUtil.m */ = {isa = PBXFileReference; fileEncoding = 4; lastKnownFileType = sourcecode.c.objc; name = HMNullUtil.m; path = classes/HMNullUtil.m; sourceTree = "<group>"; };
		C2C49841134349B100541D4C /* HMEnumerableUtil.h */ = {isa = PBXFileReference; fileEncoding = 4; lastKnownFileType = sourcecode.c.h; name = HMEnumerableUtil.h; path = classes/HMEnumerableUtil.h; sourceTree = "<group>"; };
		C2C49842134349B100541D4C /* HMEnumerableUtil.m */ = {isa = PBXFileReference; fileEncoding = 4; lastKnownFileType = sourcecode.c.objc; name = HMEnumerableUtil.m; path = classes/HMEnumerableUtil.m; sourceTree = "<group>"; };
		C2FCCA13132E30580060A586 /* commons_mobile-Prefix.pch */ = {isa = PBXFileReference; fileEncoding = 4; lastKnownFileType = sourcecode.c.h; name = "commons_mobile-Prefix.pch"; path = "support/commons_mobile-Prefix.pch"; sourceTree = "<group>"; };
/* End PBXFileReference section */

/* Begin PBXFrameworksBuildPhase section */
		C295F921132E265A00BC1B93 /* Frameworks */ = {
			isa = PBXFrameworksBuildPhase;
			buildActionMask = 2147483647;
			files = (
				C295F928132E265A00BC1B93 /* Foundation.framework in Frameworks */,
			);
			runOnlyForDeploymentPostprocessing = 0;
		};
/* End PBXFrameworksBuildPhase section */

/* Begin PBXGroup section */
		C20CDB7B133375B5008A4FE3 /* Structures */ = {
			isa = PBXGroup;
			children = (
				A5C27060133A3A3100AF1267 /* HMColor.h */,
				A5C27061133A3A3200AF1267 /* HMColor.m */,
				A5C2705B133A2DB000AF1267 /* HMLabelItem.h */,
				A5C2705C133A2DB100AF1267 /* HMLabelItem.m */,
				A5FA27511339056700DD428A /* HMTableSectionItemGroup.h */,
				A5FA27521339056700DD428A /* HMTableSectionItemGroup.m */,
				C23B5E581333BD8800CFC9AF /* HMNamedItemGroup.h */,
				C23B5E591333BD8800CFC9AF /* HMNamedItemGroup.m */,
				C29E100913339F3800E9F77A /* HMStringTableCellItem.h */,
				C29E100A13339F3800E9F77A /* HMStringTableCellItem.m */,
				A5D25F371330EE1B00340936 /* HMTableCellItem.h */,
				A5D25F381330EE1B00340936 /* HMTableCellItem.m */,
				A5B34129132E3866009021FE /* HMItemGroup.h */,
				A5B3412A132E3866009021FE /* HMItemGroup.m */,
				C23F3D39132E3411003155EE /* HMButtonItem.h */,
				C23F3D3A132E3411003155EE /* HMButtonItem.m */,
				C23F3D2E132E332E003155EE /* HMItem.h */,
				C23F3D2F132E332E003155EE /* HMItem.m */,
			);
			name = Structures;
			sourceTree = "<group>";
		};
		C20CDB7D133375C0008A4FE3 /* Dependencies */ = {
			isa = PBXGroup;
			children = (
				C20CDB7E133375CE008A4FE3 /* Dependencies.h */,
			);
			name = Dependencies;
			sourceTree = "<group>";
		};
		C20CDB9613338697008A4FE3 /* Protocols */ = {
			isa = PBXGroup;
			children = (
				C20CDB9213338636008A4FE3 /* HMEditItem.h */,
			);
			name = Protocols;
			sourceTree = "<group>";
		};
		C23F3D32132E3368003155EE /* Headers */ = {
			isa = PBXGroup;
			children = (
				C23F3D33132E3384003155EE /* commons_mobile.h */,
			);
			name = Headers;
			sourceTree = "<group>";
		};
		C281BC1E13380ADA0055E771 /* Util */ = {
			isa = PBXGroup;
			children = (
				C2C49841134349B100541D4C /* HMEnumerableUtil.h */,
				C2C49842134349B100541D4C /* HMEnumerableUtil.m */,
				C2C4983C1342547F00541D4C /* HMNullUtil.h */,
				C2C4983D1342547F00541D4C /* HMNullUtil.m */,
				C281BC2013380B0B0055E771 /* HMHttpUtil.h */,
				C281BC2113380B0B0055E771 /* HMHttpUtil.m */,
			);
			name = Util;
			sourceTree = "<group>";
		};
		C295F919132E265900BC1B93 = {
			isa = PBXGroup;
			children = (
				C295F929132E265A00BC1B93 /* Commons Mobile */,
				C295F926132E265A00BC1B93 /* Frameworks */,
				C295F925132E265A00BC1B93 /* Products */,
			);
			sourceTree = "<group>";
		};
		C295F925132E265A00BC1B93 /* Products */ = {
			isa = PBXGroup;
			children = (
				C295F924132E265A00BC1B93 /* libcommons_mobile.a */,
			);
			name = Products;
			sourceTree = "<group>";
		};
		C295F926132E265A00BC1B93 /* Frameworks */ = {
			isa = PBXGroup;
			children = (
				C295F927132E265A00BC1B93 /* Foundation.framework */,
			);
			name = Frameworks;
			sourceTree = "<group>";
		};
		C295F929132E265A00BC1B93 /* Commons Mobile */ = {
			isa = PBXGroup;
			children = (
				C23F3D32132E3368003155EE /* Headers */,
				C295F938132E269F00BC1B93 /* Classes */,
				C295F92A132E265A00BC1B93 /* Support */,
			);
			name = "Commons Mobile";
			path = commons_mobile;
			sourceTree = "<group>";
		};
		C295F92A132E265A00BC1B93 /* Support */ = {
			isa = PBXGroup;
			children = (
				C2FCCA13132E30580060A586 /* commons_mobile-Prefix.pch */,
			);
			name = Support;
			sourceTree = "<group>";
		};
		C295F938132E269F00BC1B93 /* Classes */ = {
			isa = PBXGroup;
			children = (
				C281BC1E13380ADA0055E771 /* Util */,
				C20CDB9613338697008A4FE3 /* Protocols */,
				C20CDB7D133375C0008A4FE3 /* Dependencies */,
				C20CDB7B133375B5008A4FE3 /* Structures */,
			);
			name = Classes;
			sourceTree = "<group>";
		};
/* End PBXGroup section */

/* Begin PBXHeadersBuildPhase section */
		C295F922132E265A00BC1B93 /* Headers */ = {
			isa = PBXHeadersBuildPhase;
			buildActionMask = 2147483647;
			files = (
				C2FCCA14132E30580060A586 /* commons_mobile-Prefix.pch in Headers */,
				C23F3D30132E332E003155EE /* HMItem.h in Headers */,
				C23F3D34132E3384003155EE /* commons_mobile.h in Headers */,
				C23F3D3B132E3411003155EE /* HMButtonItem.h in Headers */,
				A5B3412B132E3866009021FE /* HMItemGroup.h in Headers */,
				A5D25F391330EE1B00340936 /* HMTableCellItem.h in Headers */,
				C20CDB7F133375CE008A4FE3 /* Dependencies.h in Headers */,
				C20CDB941333863B008A4FE3 /* HMEditItem.h in Headers */,
				C29E100B13339F3800E9F77A /* HMStringTableCellItem.h in Headers */,
				C23B5E5A1333BD8800CFC9AF /* HMNamedItemGroup.h in Headers */,
				C281BC2213380B0B0055E771 /* HMHttpUtil.h in Headers */,
				A5FA27531339056700DD428A /* HMTableSectionItemGroup.h in Headers */,
				A5C2705D133A2DB500AF1267 /* HMLabelItem.h in Headers */,
				A5C27062133A3A3600AF1267 /* HMColor.h in Headers */,
				C2C4983E1342548000541D4C /* HMNullUtil.h in Headers */,
				C2C49843134349B200541D4C /* HMEnumerableUtil.h in Headers */,
			);
			runOnlyForDeploymentPostprocessing = 0;
		};
/* End PBXHeadersBuildPhase section */

/* Begin PBXNativeTarget section */
		C295F923132E265A00BC1B93 /* commons_mobile */ = {
			isa = PBXNativeTarget;
			buildConfigurationList = C295F92E132E265A00BC1B93 /* Build configuration list for PBXNativeTarget "commons_mobile" */;
			buildPhases = (
				C295F920132E265A00BC1B93 /* Sources */,
				C295F921132E265A00BC1B93 /* Frameworks */,
				C295F922132E265A00BC1B93 /* Headers */,
			);
			buildRules = (
			);
			dependencies = (
			);
			name = commons_mobile;
			productName = commons_mobile;
			productReference = C295F924132E265A00BC1B93 /* libcommons_mobile.a */;
			productType = "com.apple.product-type.library.static";
		};
/* End PBXNativeTarget section */

/* Begin PBXProject section */
		C295F91B132E265900BC1B93 /* Project object */ = {
			isa = PBXProject;
			buildConfigurationList = C295F91E132E265900BC1B93 /* Build configuration list for PBXProject "commons_mobile" */;
			compatibilityVersion = "Xcode 3.2";
			developmentRegion = English;
			hasScannedForEncodings = 0;
			knownRegions = (
				en,
			);
			mainGroup = C295F919132E265900BC1B93;
			productRefGroup = C295F925132E265A00BC1B93 /* Products */;
			projectDirPath = "";
			projectRoot = "";
			targets = (
				C295F923132E265A00BC1B93 /* commons_mobile */,
			);
		};
/* End PBXProject section */

/* Begin PBXSourcesBuildPhase section */
		C295F920132E265A00BC1B93 /* Sources */ = {
			isa = PBXSourcesBuildPhase;
			buildActionMask = 2147483647;
			files = (
				C23F3D31132E332E003155EE /* HMItem.m in Sources */,
				C23F3D3C132E3411003155EE /* HMButtonItem.m in Sources */,
				A5B3412C132E3866009021FE /* HMItemGroup.m in Sources */,
				A5D25F3A1330EE1B00340936 /* HMTableCellItem.m in Sources */,
				C29E100C13339F3800E9F77A /* HMStringTableCellItem.m in Sources */,
				C23B5E5B1333BD8800CFC9AF /* HMNamedItemGroup.m in Sources */,
				C281BC2313380B0B0055E771 /* HMHttpUtil.m in Sources */,
				A5FA27541339056700DD428A /* HMTableSectionItemGroup.m in Sources */,
				A5C2705E133A2DB500AF1267 /* HMLabelItem.m in Sources */,
				A5C27063133A3A3600AF1267 /* HMColor.m in Sources */,
				C2C4983F1342548000541D4C /* HMNullUtil.m in Sources */,
				C2C49844134349B200541D4C /* HMEnumerableUtil.m in Sources */,
			);
			runOnlyForDeploymentPostprocessing = 0;
		};
/* End PBXSourcesBuildPhase section */

/* Begin XCBuildConfiguration section */
		C295F92C132E265A00BC1B93 /* Debug */ = {
			isa = XCBuildConfiguration;
			buildSettings = {
				ARCHS = "$(ARCHS_STANDARD_32_BIT)";
				GCC_C_LANGUAGE_STANDARD = gnu99;
				GCC_OPTIMIZATION_LEVEL = 0;
				GCC_PREPROCESSOR_DEFINITIONS = DEBUG;
				GCC_SYMBOLS_PRIVATE_EXTERN = NO;
				GCC_VERSION = com.apple.compilers.llvmgcc42;
				GCC_WARN_ABOUT_RETURN_TYPE = YES;
				GCC_WARN_UNUSED_VARIABLE = YES;
				IPHONEOS_DEPLOYMENT_TARGET = 4.3;
				SDKROOT = iphoneos;
			};
			name = Debug;
		};
		C295F92D132E265A00BC1B93 /* Release */ = {
			isa = XCBuildConfiguration;
			buildSettings = {
				ARCHS = "$(ARCHS_STANDARD_32_BIT)";
				GCC_C_LANGUAGE_STANDARD = gnu99;
				GCC_VERSION = com.apple.compilers.llvmgcc42;
				GCC_WARN_ABOUT_RETURN_TYPE = YES;
				GCC_WARN_UNUSED_VARIABLE = YES;
				IPHONEOS_DEPLOYMENT_TARGET = 4.3;
				SDKROOT = iphoneos;
			};
			name = Release;
		};
		C295F92F132E265A00BC1B93 /* Debug */ = {
			isa = XCBuildConfiguration;
			buildSettings = {
				ALWAYS_SEARCH_USER_PATHS = NO;
				DSTROOT = /tmp/commons_mobile.dst;
				GCC_PRECOMPILE_PREFIX_HEADER = YES;
				GCC_PREFIX_HEADER = "commons_mobile/support/commons_mobile-Prefix.pch";
				OTHER_LDFLAGS = "-ObjC";
				PRODUCT_NAME = "$(TARGET_NAME)";
			};
			name = Debug;
		};
		C295F930132E265A00BC1B93 /* Release */ = {
			isa = XCBuildConfiguration;
			buildSettings = {
				ALWAYS_SEARCH_USER_PATHS = NO;
				DSTROOT = /tmp/commons_mobile.dst;
				GCC_PRECOMPILE_PREFIX_HEADER = YES;
				GCC_PREFIX_HEADER = "commons_mobile/support/commons_mobile-Prefix.pch";
				OTHER_LDFLAGS = "-ObjC";
				PRODUCT_NAME = "$(TARGET_NAME)";
			};
			name = Release;
		};
/* End XCBuildConfiguration section */

/* Begin XCConfigurationList section */
		C295F91E132E265900BC1B93 /* Build configuration list for PBXProject "commons_mobile" */ = {
			isa = XCConfigurationList;
			buildConfigurations = (
				C295F92C132E265A00BC1B93 /* Debug */,
				C295F92D132E265A00BC1B93 /* Release */,
			);
			defaultConfigurationIsVisible = 0;
			defaultConfigurationName = Release;
		};
		C295F92E132E265A00BC1B93 /* Build configuration list for PBXNativeTarget "commons_mobile" */ = {
			isa = XCConfigurationList;
			buildConfigurations = (
				C295F92F132E265A00BC1B93 /* Debug */,
				C295F930132E265A00BC1B93 /* Release */,
			);
			defaultConfigurationIsVisible = 0;
			defaultConfigurationName = Release;
		};
/* End XCConfigurationList section */
	};
	rootObject = C295F91B132E265900BC1B93 /* Project object */;
}
